
Microsoft Visual Studio Solution File, Format Version 12.00
# Visual Studio Version 17
VisualStudioVersion = 17.13.35806.99
MinimumVisualStudioVersion = 10.0.40219.1
Project("{FAE04EC0-301F-11D3-BF4B-00C04F79EFBC}") = "Questao01", "Questao01\Questao01.csproj", "{669BD480-C345-4D51-9616-36AB408ACE63}"
EndProject
Project("{FAE04EC0-301F-11D3-BF4B-00C04F79EFBC}") = "Questao04", "Questao04\Questao04.csproj", "{3B58FAC2-6C75-4097-831A-3A7AD2E2FDA7}"
EndProject
Project("{FAE04EC0-301F-11D3-BF4B-00C04F79EFBC}") = "Questao05", "Questao05\Questao05.csproj", "{65DE515C-B822-4996-A2F9-D38FCFC46549}"
EndProject
Project("{FAE04EC0-301F-11D3-BF4B-00C04F79EFBC}") = "Questao06", "Questao06\Questao06.csproj", "{F5074ACF-AFF8-46BF-9690-5BFE1CEA4DFD}"
EndProject
Global
	GlobalSection(SolutionConfigurationPlatforms) = preSolution
		Debug|Any CPU = Debug|Any CPU
		Release|Any CPU = Release|Any CPU
	EndGlobalSection
	GlobalSection(ProjectConfigurationPlatforms) = postSolution
		{669BD480-C345-4D51-9616-36AB408ACE63}.Debug|Any CPU.ActiveCfg = Debug|Any CPU
		{669BD480-C345-4D51-9616-36AB408ACE63}.Debug|Any CPU.Build.0 = Debug|Any CPU
		{669BD480-C345-4D51-9616-36AB408ACE63}.Release|Any CPU.ActiveCfg = Release|Any CPU
		{669BD480-C345-4D51-9616-36AB408ACE63}.Release|Any CPU.Build.0 = Release|Any CPU
		{3B58FAC2-6C75-4097-831A-3A7AD2E2FDA7}.Debug|Any CPU.ActiveCfg = Debug|Any CPU
		{3B58FAC2-6C75-4097-831A-3A7AD2E2FDA7}.Debug|Any CPU.Build.0 = Debug|Any CPU
		{3B58FAC2-6C75-4097-831A-3A7AD2E2FDA7}.Release|Any CPU.ActiveCfg = Release|Any CPU
		{3B58FAC2-6C75-4097-831A-3A7AD2E2FDA7}.Release|Any CPU.Build.0 = Release|Any CPU
		{65DE515C-B822-4996-A2F9-D38FCFC46549}.Debug|Any CPU.ActiveCfg = Debug|Any CPU
		{65DE515C-B822-4996-A2F9-D38FCFC46549}.Debug|Any CPU.Build.0 = Debug|Any CPU
		{65DE515C-B822-4996-A2F9-D38FCFC46549}.Release|Any CPU.ActiveCfg = Release|Any CPU
		{65DE515C-B822-4996-A2F9-D38FCFC46549}.Release|Any CPU.Build.0 = Release|Any CPU
		{F5074ACF-AFF8-46BF-9690-5BFE1CEA4DFD}.Debug|Any CPU.ActiveCfg = Debug|Any CPU
		{F5074ACF-AFF8-46BF-9690-5BFE1CEA4DFD}.Debug|Any CPU.Build.0 = Debug|Any CPU
		{F5074ACF-AFF8-46BF-9690-5BFE1CEA4DFD}.Release|Any CPU.ActiveCfg = Release|Any CPU
		{F5074ACF-AFF8-46BF-9690-5BFE1CEA4DFD}.Release|Any CPU.Build.0 = Release|Any CPU
	EndGlobalSection
	GlobalSection(SolutionProperties) = preSolution
		HideSolutionNode = FALSE
	EndGlobalSection
	GlobalSection(ExtensibilityGlobals) = postSolution
		SolutionGuid = {A1E582B5-2F87-4CDB-AD01-EABEB67568FC}
	EndGlobalSection
EndGlobal
